
Microsoft Visual Studio Solution File, Format Version 12.00
# Visual Studio 15
VisualStudioVersion = 15.0.26730.8
MinimumVisualStudioVersion = 10.0.40219.1
Project("{FAE04EC0-301F-11D3-BF4B-00C04F79EFBC}") = "VirtualTreeView", "VirtualTreeView\VirtualTreeView.csproj", "{5EBC654F-BE41-4DE8-9AE3-BDF5EC6E725A}"
EndProject
Project("{FAE04EC0-301F-11D3-BF4B-00C04F79EFBC}") = "TestApplication", "TestApplication\TestApplication.csproj", "{72713F8B-1C6A-4376-9E4A-440446D03B2E}"
EndProject
Global
	GlobalSection(SolutionConfigurationPlatforms) = preSolution
		Debug|Any CPU = Debug|Any CPU
		Release|Any CPU = Release|Any CPU
	EndGlobalSection
	GlobalSection(ProjectConfigurationPlatforms) = postSolution
		{5EBC654F-BE41-4DE8-9AE3-BDF5EC6E725A}.Debug|Any CPU.ActiveCfg = Debug|Any CPU
		{5EBC654F-BE41-4DE8-9AE3-BDF5EC6E725A}.Debug|Any CPU.Build.0 = Debug|Any CPU
		{5EBC654F-BE41-4DE8-9AE3-BDF5EC6E725A}.Release|Any CPU.ActiveCfg = Release|Any CPU
		{5EBC654F-BE41-4DE8-9AE3-BDF5EC6E725A}.Release|Any CPU.Build.0 = Release|Any CPU
		{72713F8B-1C6A-4376-9E4A-440446D03B2E}.Debug|Any CPU.ActiveCfg = Debug|Any CPU
		{72713F8B-1C6A-4376-9E4A-440446D03B2E}.Debug|Any CPU.Build.0 = Debug|Any CPU
		{72713F8B-1C6A-4376-9E4A-440446D03B2E}.Release|Any CPU.ActiveCfg = Release|Any CPU
		{72713F8B-1C6A-4376-9E4A-440446D03B2E}.Release|Any CPU.Build.0 = Release|Any CPU
	EndGlobalSection
	GlobalSection(SolutionProperties) = preSolution
		HideSolutionNode = FALSE
	EndGlobalSection
	GlobalSection(ExtensibilityGlobals) = postSolution
		SolutionGuid = {0D58BE19-2A68-4B58-A3CB-63288FA8CAF8}
	EndGlobalSection
EndGlobal
